
Microsoft Visual Studio Solution File, Format Version 12.00
# Visual Studio Version 17
VisualStudioVersion = 17.7.34003.232
MinimumVisualStudioVersion = 10.0.40219.1
Project("{FAE04EC0-301F-11D3-BF4B-00C04F79EFBC}") = "Paralell_Programming_Lesson", "Paralell_Programming_Lesson\Paralell_Programming_Lesson.csproj", "{A89951A0-2FD7-4478-BA4C-9C2DA9F545B6}"
EndProject
Global
	GlobalSection(SolutionConfigurationPlatforms) = preSolution
		Debug|Any CPU = Debug|Any CPU
		Release|Any CPU = Release|Any CPU
	EndGlobalSection
	GlobalSection(ProjectConfigurationPlatforms) = postSolution
		{A89951A0-2FD7-4478-BA4C-9C2DA9F545B6}.Debug|Any CPU.ActiveCfg = Debug|Any CPU
		{A89951A0-2FD7-4478-BA4C-9C2DA9F545B6}.Debug|Any CPU.Build.0 = Debug|Any CPU
		{A89951A0-2FD7-4478-BA4C-9C2DA9F545B6}.Release|Any CPU.ActiveCfg = Release|Any CPU
		{A89951A0-2FD7-4478-BA4C-9C2DA9F545B6}.Release|Any CPU.Build.0 = Release|Any CPU
	EndGlobalSection
	GlobalSection(SolutionProperties) = preSolution
		HideSolutionNode = FALSE
	EndGlobalSection
	GlobalSection(ExtensibilityGlobals) = postSolution
		SolutionGuid = {16CCB4A1-3540-4B75-8AEA-834913B8ED3D}
	EndGlobalSection
EndGlobal
